// !$*UTF8*$!
{
	archiveVersion = 1;
	classes = {
	};
	objectVersion = 50;
	objects = {

/* Begin PBXBuildFile section */
		5B36E7E022BBD1FB0010802F /* ViewDataModel.swift in Sources */ = {isa = PBXBuildFile; fileRef = 5B36E7DF22BBD1FB0010802F /* ViewDataModel.swift */; };
		5B36E7E722BBDD2C0010802F /* NavVC.swift in Sources */ = {isa = PBXBuildFile; fileRef = 5B36E7E622BBDD2C0010802F /* NavVC.swift */; };
		5B36E7E922BBE30A0010802F /* IssuesVC.swift in Sources */ = {isa = PBXBuildFile; fileRef = 5B36E7E822BBE30A0010802F /* IssuesVC.swift */; };
		5B36E7EB22BBE3160010802F /* CommentsVC.swift in Sources */ = {isa = PBXBuildFile; fileRef = 5B36E7EA22BBE3160010802F /* CommentsVC.swift */; };
		5B36E7ED22BBF0350010802F /* DataHandler.swift in Sources */ = {isa = PBXBuildFile; fileRef = 5B36E7EC22BBF0350010802F /* DataHandler.swift */; };
		5B4EECFC22BA984D00156A68 /* AppDelegate.swift in Sources */ = {isa = PBXBuildFile; fileRef = 5B4EECFB22BA984D00156A68 /* AppDelegate.swift */; };
		5B4EED0122BA984D00156A68 /* Main.storyboard in Resources */ = {isa = PBXBuildFile; fileRef = 5B4EECFF22BA984D00156A68 /* Main.storyboard */; };
		5B4EED0422BA984D00156A68 /* CrashlyticsIssue.xcdatamodeld in Sources */ = {isa = PBXBuildFile; fileRef = 5B4EED0222BA984D00156A68 /* CrashlyticsIssue.xcdatamodeld */; };
		5B4EED0622BA984E00156A68 /* Assets.xcassets in Resources */ = {isa = PBXBuildFile; fileRef = 5B4EED0522BA984E00156A68 /* Assets.xcassets */; };
		5B4EED0922BA984E00156A68 /* LaunchScreen.storyboard in Resources */ = {isa = PBXBuildFile; fileRef = 5B4EED0722BA984E00156A68 /* LaunchScreen.storyboard */; };
		5B4EED1822BA9B6300156A68 /* Connection.swift in Sources */ = {isa = PBXBuildFile; fileRef = 5B4EED1722BA9B6300156A68 /* Connection.swift */; };
		5B4EED1A22BA9B7400156A68 /* ConnectionHandler.swift in Sources */ = {isa = PBXBuildFile; fileRef = 5B4EED1922BA9B7400156A68 /* ConnectionHandler.swift */; };
		5B4EED1C22BA9B8600156A68 /* Request.swift in Sources */ = {isa = PBXBuildFile; fileRef = 5B4EED1B22BA9B8600156A68 /* Request.swift */; };
		5B4EED2022BAB00E00156A68 /* IssueModel.swift in Sources */ = {isa = PBXBuildFile; fileRef = 5B4EED1F22BAB00E00156A68 /* IssueModel.swift */; };
		5B4EED2222BAB01D00156A68 /* CommentsModel.swift in Sources */ = {isa = PBXBuildFile; fileRef = 5B4EED2122BAB01D00156A68 /* CommentsModel.swift */; };
		5B4EED2422BAB08800156A68 /* MilestoneModel.swift in Sources */ = {isa = PBXBuildFile; fileRef = 5B4EED2322BAB08800156A68 /* MilestoneModel.swift */; };
		5B4EED2622BAB09200156A68 /* LabelModel.swift in Sources */ = {isa = PBXBuildFile; fileRef = 5B4EED2522BAB09200156A68 /* LabelModel.swift */; };
		5B4EED2822BAB0B900156A68 /* RespositoryModel.swift in Sources */ = {isa = PBXBuildFile; fileRef = 5B4EED2722BAB0B900156A68 /* RespositoryModel.swift */; };
		5B4EED2A22BAB0C700156A68 /* AssigneeModel.swift in Sources */ = {isa = PBXBuildFile; fileRef = 5B4EED2922BAB0C700156A68 /* AssigneeModel.swift */; };
		5B4EED2C22BAB0DB00156A68 /* PermissionModel.swift in Sources */ = {isa = PBXBuildFile; fileRef = 5B4EED2B22BAB0DB00156A68 /* PermissionModel.swift */; };
		5B4EED2E22BAB0E800156A68 /* PullRequestModel.swift in Sources */ = {isa = PBXBuildFile; fileRef = 5B4EED2D22BAB0E800156A68 /* PullRequestModel.swift */; };
		5BD2E45322BCC9EE00F123E6 /* ListingCell.swift in Sources */ = {isa = PBXBuildFile; fileRef = 5BD2E45122BCC9EE00F123E6 /* ListingCell.swift */; };
		5BD2E45422BCC9EE00F123E6 /* ListingCell.xib in Resources */ = {isa = PBXBuildFile; fileRef = 5BD2E45222BCC9EE00F123E6 /* ListingCell.xib */; };
		5BD2E45622BCD88900F123E6 /* DatabaseHandler.swift in Sources */ = {isa = PBXBuildFile; fileRef = 5BD2E45522BCD88900F123E6 /* DatabaseHandler.swift */; };
		5BD2E45A22BCE8D100F123E6 /* Defines.swift in Sources */ = {isa = PBXBuildFile; fileRef = 5BD2E45922BCE8D100F123E6 /* Defines.swift */; };
		72C2407149EA3422B4A51586 /* Pods_CrashlyticsIssue.framework in Frameworks */ = {isa = PBXBuildFile; fileRef = 4351222FED2D684DE0D94814 /* Pods_CrashlyticsIssue.framework */; };
/* End PBXBuildFile section */

/* Begin PBXFileReference section */
		4351222FED2D684DE0D94814 /* Pods_CrashlyticsIssue.framework */ = {isa = PBXFileReference; explicitFileType = wrapper.framework; includeInIndex = 0; path = Pods_CrashlyticsIssue.framework; sourceTree = BUILT_PRODUCTS_DIR; };
		5B36E7DF22BBD1FB0010802F /* ViewDataModel.swift */ = {isa = PBXFileReference; lastKnownFileType = sourcecode.swift; path = ViewDataModel.swift; sourceTree = "<group>"; };
		5B36E7E622BBDD2C0010802F /* NavVC.swift */ = {isa = PBXFileReference; lastKnownFileType = sourcecode.swift; path = NavVC.swift; sourceTree = "<group>"; };
		5B36E7E822BBE30A0010802F /* IssuesVC.swift */ = {isa = PBXFileReference; lastKnownFileType = sourcecode.swift; path = IssuesVC.swift; sourceTree = "<group>"; };
		5B36E7EA22BBE3160010802F /* CommentsVC.swift */ = {isa = PBXFileReference; lastKnownFileType = sourcecode.swift; path = CommentsVC.swift; sourceTree = "<group>"; };
		5B36E7EC22BBF0350010802F /* DataHandler.swift */ = {isa = PBXFileReference; lastKnownFileType = sourcecode.swift; path = DataHandler.swift; sourceTree = "<group>"; };
		5B4EECF822BA984D00156A68 /* CrashlyticsIssue.app */ = {isa = PBXFileReference; explicitFileType = wrapper.application; includeInIndex = 0; path = CrashlyticsIssue.app; sourceTree = BUILT_PRODUCTS_DIR; };
		5B4EECFB22BA984D00156A68 /* AppDelegate.swift */ = {isa = PBXFileReference; lastKnownFileType = sourcecode.swift; path = AppDelegate.swift; sourceTree = "<group>"; };
		5B4EED0022BA984D00156A68 /* Base */ = {isa = PBXFileReference; lastKnownFileType = file.storyboard; name = Base; path = Base.lproj/Main.storyboard; sourceTree = "<group>"; };
		5B4EED0322BA984D00156A68 /* CrashlyticsIssue.xcdatamodel */ = {isa = PBXFileReference; lastKnownFileType = wrapper.xcdatamodel; path = CrashlyticsIssue.xcdatamodel; sourceTree = "<group>"; };
		5B4EED0522BA984E00156A68 /* Assets.xcassets */ = {isa = PBXFileReference; lastKnownFileType = folder.assetcatalog; path = Assets.xcassets; sourceTree = "<group>"; };
		5B4EED0822BA984E00156A68 /* Base */ = {isa = PBXFileReference; lastKnownFileType = file.storyboard; name = Base; path = Base.lproj/LaunchScreen.storyboard; sourceTree = "<group>"; };
		5B4EED0A22BA984E00156A68 /* Info.plist */ = {isa = PBXFileReference; lastKnownFileType = text.plist.xml; path = Info.plist; sourceTree = "<group>"; };
		5B4EED1722BA9B6300156A68 /* Connection.swift */ = {isa = PBXFileReference; lastKnownFileType = sourcecode.swift; path = Connection.swift; sourceTree = "<group>"; };
		5B4EED1922BA9B7400156A68 /* ConnectionHandler.swift */ = {isa = PBXFileReference; lastKnownFileType = sourcecode.swift; path = ConnectionHandler.swift; sourceTree = "<group>"; };
		5B4EED1B22BA9B8600156A68 /* Request.swift */ = {isa = PBXFileReference; lastKnownFileType = sourcecode.swift; path = Request.swift; sourceTree = "<group>"; };
		5B4EED1F22BAB00E00156A68 /* IssueModel.swift */ = {isa = PBXFileReference; lastKnownFileType = sourcecode.swift; path = IssueModel.swift; sourceTree = "<group>"; };
		5B4EED2122BAB01D00156A68 /* CommentsModel.swift */ = {isa = PBXFileReference; lastKnownFileType = sourcecode.swift; path = CommentsModel.swift; sourceTree = "<group>"; };
		5B4EED2322BAB08800156A68 /* MilestoneModel.swift */ = {isa = PBXFileReference; lastKnownFileType = sourcecode.swift; path = MilestoneModel.swift; sourceTree = "<group>"; };
		5B4EED2522BAB09200156A68 /* LabelModel.swift */ = {isa = PBXFileReference; lastKnownFileType = sourcecode.swift; path = LabelModel.swift; sourceTree = "<group>"; };
		5B4EED2722BAB0B900156A68 /* RespositoryModel.swift */ = {isa = PBXFileReference; lastKnownFileType = sourcecode.swift; path = RespositoryModel.swift; sourceTree = "<group>"; };
		5B4EED2922BAB0C700156A68 /* AssigneeModel.swift */ = {isa = PBXFileReference; lastKnownFileType = sourcecode.swift; path = AssigneeModel.swift; sourceTree = "<group>"; };
		5B4EED2B22BAB0DB00156A68 /* PermissionModel.swift */ = {isa = PBXFileReference; lastKnownFileType = sourcecode.swift; path = PermissionModel.swift; sourceTree = "<group>"; };
		5B4EED2D22BAB0E800156A68 /* PullRequestModel.swift */ = {isa = PBXFileReference; lastKnownFileType = sourcecode.swift; path = PullRequestModel.swift; sourceTree = "<group>"; };
		5BD2E45122BCC9EE00F123E6 /* ListingCell.swift */ = {isa = PBXFileReference; lastKnownFileType = sourcecode.swift; path = ListingCell.swift; sourceTree = "<group>"; };
		5BD2E45222BCC9EE00F123E6 /* ListingCell.xib */ = {isa = PBXFileReference; lastKnownFileType = file.xib; path = ListingCell.xib; sourceTree = "<group>"; };
		5BD2E45522BCD88900F123E6 /* DatabaseHandler.swift */ = {isa = PBXFileReference; lastKnownFileType = sourcecode.swift; path = DatabaseHandler.swift; sourceTree = "<group>"; };
		5BD2E45922BCE8D100F123E6 /* Defines.swift */ = {isa = PBXFileReference; lastKnownFileType = sourcecode.swift; path = Defines.swift; sourceTree = "<group>"; };
		84F5E223C3A9B26D6C39F58C /* Pods-CrashlyticsIssue.debug.xcconfig */ = {isa = PBXFileReference; includeInIndex = 1; lastKnownFileType = text.xcconfig; name = "Pods-CrashlyticsIssue.debug.xcconfig"; path = "Target Support Files/Pods-CrashlyticsIssue/Pods-CrashlyticsIssue.debug.xcconfig"; sourceTree = "<group>"; };
		A643B42DCD4B31B1A5D34823 /* Pods-CrashlyticsIssue.release.xcconfig */ = {isa = PBXFileReference; includeInIndex = 1; lastKnownFileType = text.xcconfig; name = "Pods-CrashlyticsIssue.release.xcconfig"; path = "Target Support Files/Pods-CrashlyticsIssue/Pods-CrashlyticsIssue.release.xcconfig"; sourceTree = "<group>"; };
/* End PBXFileReference section */

/* Begin PBXFrameworksBuildPhase section */
		5B4EECF522BA984D00156A68 /* Frameworks */ = {
			isa = PBXFrameworksBuildPhase;
			buildActionMask = 2147483647;
			files = (
				72C2407149EA3422B4A51586 /* Pods_CrashlyticsIssue.framework in Frameworks */,
			);
			runOnlyForDeploymentPostprocessing = 0;
		};
/* End PBXFrameworksBuildPhase section */

/* Begin PBXGroup section */
		5B36E7E322BBDB500010802F /* Cells */ = {
			isa = PBXGroup;
			children = (
				5BD2E45122BCC9EE00F123E6 /* ListingCell.swift */,
				5BD2E45222BCC9EE00F123E6 /* ListingCell.xib */,
			);
			path = Cells;
			sourceTree = "<group>";
		};
		5B4EECEF22BA984D00156A68 = {
			isa = PBXGroup;
			children = (
				5B4EECFA22BA984D00156A68 /* CrashlyticsIssue */,
				5B4EECF922BA984D00156A68 /* Products */,
				B91076A6CB56EDA600AE577B /* Pods */,
				AF28AFE6B99A4212CB8A5BF5 /* Frameworks */,
			);
			sourceTree = "<group>";
		};
		5B4EECF922BA984D00156A68 /* Products */ = {
			isa = PBXGroup;
			children = (
				5B4EECF822BA984D00156A68 /* CrashlyticsIssue.app */,
			);
			name = Products;
			sourceTree = "<group>";
		};
		5B4EECFA22BA984D00156A68 /* CrashlyticsIssue */ = {
			isa = PBXGroup;
			children = (
				5B4EED1022BA985E00156A68 /* Resources */,
				5B4EED1122BA986900156A68 /* Utils */,
				5B4EED1222BA987800156A68 /* Model */,
				5B4EED1422BA988E00156A68 /* Views */,
				5B4EED1322BA988000156A68 /* ViewModel */,
				5B4EED0A22BA984E00156A68 /* Info.plist */,
			);
			path = CrashlyticsIssue;
			sourceTree = "<group>";
		};
		5B4EED1022BA985E00156A68 /* Resources */ = {
			isa = PBXGroup;
			children = (
				5B4EECFF22BA984D00156A68 /* Main.storyboard */,
				5B4EED0722BA984E00156A68 /* LaunchScreen.storyboard */,
				5B4EED0522BA984E00156A68 /* Assets.xcassets */,
			);
			path = Resources;
			sourceTree = "<group>";
		};
		5B4EED1122BA986900156A68 /* Utils */ = {
			isa = PBXGroup;
			children = (
				5B4EECFB22BA984D00156A68 /* AppDelegate.swift */,
				5BD2E45922BCE8D100F123E6 /* Defines.swift */,
			);
			path = Utils;
			sourceTree = "<group>";
		};
		5B4EED1222BA987800156A68 /* Model */ = {
			isa = PBXGroup;
			children = (
				5B4EED1D22BAAFE900156A68 /* DataModel */,
				5B4EED1622BA98AB00156A68 /* Communication */,
				5B4EED1522BA98A000156A68 /* Database */,
			);
			path = Model;
			sourceTree = "<group>";
		};
		5B4EED1322BA988000156A68 /* ViewModel */ = {
			isa = PBXGroup;
			children = (
				5B36E7EC22BBF0350010802F /* DataHandler.swift */,
				5B36E7DF22BBD1FB0010802F /* ViewDataModel.swift */,
			);
			path = ViewModel;
			sourceTree = "<group>";
		};
		5B4EED1422BA988E00156A68 /* Views */ = {
			isa = PBXGroup;
			children = (
				5B36E7E322BBDB500010802F /* Cells */,
				5B36E7E622BBDD2C0010802F /* NavVC.swift */,
				5B36E7E822BBE30A0010802F /* IssuesVC.swift */,
				5B36E7EA22BBE3160010802F /* CommentsVC.swift */,
			);
			path = Views;
			sourceTree = "<group>";
		};
		5B4EED1522BA98A000156A68 /* Database */ = {
			isa = PBXGroup;
			children = (
				5B4EED0222BA984D00156A68 /* CrashlyticsIssue.xcdatamodeld */,
				5BD2E45522BCD88900F123E6 /* DatabaseHandler.swift */,
			);
			path = Database;
			sourceTree = "<group>";
		};
		5B4EED1622BA98AB00156A68 /* Communication */ = {
			isa = PBXGroup;
			children = (
				5B4EED1722BA9B6300156A68 /* Connection.swift */,
				5B4EED1922BA9B7400156A68 /* ConnectionHandler.swift */,
				5B4EED1B22BA9B8600156A68 /* Request.swift */,
			);
			path = Communication;
			sourceTree = "<group>";
		};
		5B4EED1D22BAAFE900156A68 /* DataModel */ = {
			isa = PBXGroup;
			children = (
				5B4EED1F22BAB00E00156A68 /* IssueModel.swift */,
				5B4EED2122BAB01D00156A68 /* CommentsModel.swift */,
				5B4EED2322BAB08800156A68 /* MilestoneModel.swift */,
				5B4EED2522BAB09200156A68 /* LabelModel.swift */,
				5B4EED2722BAB0B900156A68 /* RespositoryModel.swift */,
				5B4EED2922BAB0C700156A68 /* AssigneeModel.swift */,
				5B4EED2B22BAB0DB00156A68 /* PermissionModel.swift */,
				5B4EED2D22BAB0E800156A68 /* PullRequestModel.swift */,
			);
			path = DataModel;
			sourceTree = "<group>";
		};
		AF28AFE6B99A4212CB8A5BF5 /* Frameworks */ = {
			isa = PBXGroup;
			children = (
				4351222FED2D684DE0D94814 /* Pods_CrashlyticsIssue.framework */,
			);
			name = Frameworks;
			sourceTree = "<group>";
		};
		B91076A6CB56EDA600AE577B /* Pods */ = {
			isa = PBXGroup;
			children = (
				84F5E223C3A9B26D6C39F58C /* Pods-CrashlyticsIssue.debug.xcconfig */,
				A643B42DCD4B31B1A5D34823 /* Pods-CrashlyticsIssue.release.xcconfig */,
			);
			path = Pods;
			sourceTree = "<group>";
		};
/* End PBXGroup section */

/* Begin PBXNativeTarget section */
		5B4EECF722BA984D00156A68 /* CrashlyticsIssue */ = {
			isa = PBXNativeTarget;
			buildConfigurationList = 5B4EED0D22BA984E00156A68 /* Build configuration list for PBXNativeTarget "CrashlyticsIssue" */;
			buildPhases = (
				6586C1B0A4E0F5F2904ACDB2 /* [CP] Check Pods Manifest.lock */,
				5B4EECF422BA984D00156A68 /* Sources */,
				5B4EECF522BA984D00156A68 /* Frameworks */,
				5B4EECF622BA984D00156A68 /* Resources */,
				6391BC28C20E60C955651357 /* [CP] Embed Pods Frameworks */,
			);
			buildRules = (
			);
			dependencies = (
			);
			name = CrashlyticsIssue;
			productName = CrashlyticsIssue;
			productReference = 5B4EECF822BA984D00156A68 /* CrashlyticsIssue.app */;
			productType = "com.apple.product-type.application";
		};
/* End PBXNativeTarget section */

/* Begin PBXProject section */
		5B4EECF022BA984D00156A68 /* Project object */ = {
			isa = PBXProject;
			attributes = {
				LastSwiftUpdateCheck = 1010;
				LastUpgradeCheck = 1010;
				ORGANIZATIONNAME = "Anshuman Singh";
				TargetAttributes = {
					5B4EECF722BA984D00156A68 = {
						CreatedOnToolsVersion = 10.1;
						SystemCapabilities = {
							com.apple.BackgroundModes = {
								enabled = 0;
							};
						};
					};
				};
			};
			buildConfigurationList = 5B4EECF322BA984D00156A68 /* Build configuration list for PBXProject "CrashlyticsIssue" */;
			compatibilityVersion = "Xcode 9.3";
			developmentRegion = en;
			hasScannedForEncodings = 0;
			knownRegions = (
				en,
				Base,
			);
			mainGroup = 5B4EECEF22BA984D00156A68;
			productRefGroup = 5B4EECF922BA984D00156A68 /* Products */;
			projectDirPath = "";
			projectRoot = "";
			targets = (
				5B4EECF722BA984D00156A68 /* CrashlyticsIssue */,
			);
		};
/* End PBXProject section */

/* Begin PBXResourcesBuildPhase section */
		5B4EECF622BA984D00156A68 /* Resources */ = {
			isa = PBXResourcesBuildPhase;
			buildActionMask = 2147483647;
			files = (
				5B4EED0922BA984E00156A68 /* LaunchScreen.storyboard in Resources */,
				5B4EED0622BA984E00156A68 /* Assets.xcassets in Resources */,
				5BD2E45422BCC9EE00F123E6 /* ListingCell.xib in Resources */,
				5B4EED0122BA984D00156A68 /* Main.storyboard in Resources */,
			);
			runOnlyForDeploymentPostprocessing = 0;
		};
/* End PBXResourcesBuildPhase section */

/* Begin PBXShellScriptBuildPhase section */
		6391BC28C20E60C955651357 /* [CP] Embed Pods Frameworks */ = {
			isa = PBXShellScriptBuildPhase;
			buildActionMask = 2147483647;
			files = (
			);
			inputFileListPaths = (
			);
			inputPaths = (
				"${PODS_ROOT}/Target Support Files/Pods-CrashlyticsIssue/Pods-CrashlyticsIssue-frameworks.sh",
				"${BUILT_PRODUCTS_DIR}/ACProgressHUD-Swift/ACProgressHUD_Swift.framework",
				"${BUILT_PRODUCTS_DIR}/Alamofire/Alamofire.framework",
			);
			name = "[CP] Embed Pods Frameworks";
			outputFileListPaths = (
			);
			outputPaths = (
				"${TARGET_BUILD_DIR}/${FRAMEWORKS_FOLDER_PATH}/ACProgressHUD_Swift.framework",
				"${TARGET_BUILD_DIR}/${FRAMEWORKS_FOLDER_PATH}/Alamofire.framework",
			);
			runOnlyForDeploymentPostprocessing = 0;
			shellPath = /bin/sh;
			shellScript = "\"${PODS_ROOT}/Target Support Files/Pods-CrashlyticsIssue/Pods-CrashlyticsIssue-frameworks.sh\"\n";
			showEnvVarsInLog = 0;
		};
		6586C1B0A4E0F5F2904ACDB2 /* [CP] Check Pods Manifest.lock */ = {
			isa = PBXShellScriptBuildPhase;
			buildActionMask = 2147483647;
			files = (
			);
			inputFileListPaths = (
			);
			inputPaths = (
				"${PODS_PODFILE_DIR_PATH}/Podfile.lock",
				"${PODS_ROOT}/Manifest.lock",
			);
			name = "[CP] Check Pods Manifest.lock";
			outputFileListPaths = (
			);
			outputPaths = (
				"$(DERIVED_FILE_DIR)/Pods-CrashlyticsIssue-checkManifestLockResult.txt",
			);
			runOnlyForDeploymentPostprocessing = 0;
			shellPath = /bin/sh;
			shellScript = "diff \"${PODS_PODFILE_DIR_PATH}/Podfile.lock\" \"${PODS_ROOT}/Manifest.lock\" > /dev/null\nif [ $? != 0 ] ; then\n    # print error to STDERR\n    echo \"error: The sandbox is not in sync with the Podfile.lock. Run 'pod install' or update your CocoaPods installation.\" >&2\n    exit 1\nfi\n# This output is used by Xcode 'outputs' to avoid re-running this script phase.\necho \"SUCCESS\" > \"${SCRIPT_OUTPUT_FILE_0}\"\n";
			showEnvVarsInLog = 0;
		};
/* End PBXShellScriptBuildPhase section */

/* Begin PBXSourcesBuildPhase section */
		5B4EECF422BA984D00156A68 /* Sources */ = {
			isa = PBXSourcesBuildPhase;
			buildActionMask = 2147483647;
			files = (
				5B36E7E722BBDD2C0010802F /* NavVC.swift in Sources */,
				5B4EED1A22BA9B7400156A68 /* ConnectionHandler.swift in Sources */,
				5B4EED2622BAB09200156A68 /* LabelModel.swift in Sources */,
				5B36E7E022BBD1FB0010802F /* ViewDataModel.swift in Sources */,
				5B4EED0422BA984D00156A68 /* CrashlyticsIssue.xcdatamodeld in Sources */,
				5B4EED2822BAB0B900156A68 /* RespositoryModel.swift in Sources */,
				5B4EED2C22BAB0DB00156A68 /* PermissionModel.swift in Sources */,
				5B36E7ED22BBF0350010802F /* DataHandler.swift in Sources */,
				5B4EED2E22BAB0E800156A68 /* PullRequestModel.swift in Sources */,
				5BD2E45322BCC9EE00F123E6 /* ListingCell.swift in Sources */,
				5B4EED1C22BA9B8600156A68 /* Request.swift in Sources */,
				5B4EED2A22BAB0C700156A68 /* AssigneeModel.swift in Sources */,
				5B4EED2022BAB00E00156A68 /* IssueModel.swift in Sources */,
				5B4EED2222BAB01D00156A68 /* CommentsModel.swift in Sources */,
				5BD2E45A22BCE8D100F123E6 /* Defines.swift in Sources */,
				5B4EECFC22BA984D00156A68 /* AppDelegate.swift in Sources */,
				5BD2E45622BCD88900F123E6 /* DatabaseHandler.swift in Sources */,
				5B36E7EB22BBE3160010802F /* CommentsVC.swift in Sources */,
				5B4EED1822BA9B6300156A68 /* Connection.swift in Sources */,
				5B36E7E922BBE30A0010802F /* IssuesVC.swift in Sources */,
				5B4EED2422BAB08800156A68 /* MilestoneModel.swift in Sources */,
			);
			runOnlyForDeploymentPostprocessing = 0;
		};
/* End PBXSourcesBuildPhase section */

/* Begin PBXVariantGroup section */
		5B4EECFF22BA984D00156A68 /* Main.storyboard */ = {
			isa = PBXVariantGroup;
			children = (
				5B4EED0022BA984D00156A68 /* Base */,
			);
			name = Main.storyboard;
			sourceTree = "<group>";
		};
		5B4EED0722BA984E00156A68 /* LaunchScreen.storyboard */ = {
			isa = PBXVariantGroup;
			children = (
				5B4EED0822BA984E00156A68 /* Base */,
			);
			name = LaunchScreen.storyboard;
			sourceTree = "<group>";
		};
/* End PBXVariantGroup section */

/* Begin XCBuildConfiguration section */
		5B4EED0B22BA984E00156A68 /* Debug */ = {
			isa = XCBuildConfiguration;
			buildSettings = {
				ALWAYS_SEARCH_USER_PATHS = NO;
				CLANG_ANALYZER_NONNULL = YES;
				CLANG_ANALYZER_NUMBER_OBJECT_CONVERSION = YES_AGGRESSIVE;
				CLANG_CXX_LANGUAGE_STANDARD = "gnu++14";
				CLANG_CXX_LIBRARY = "libc++";
				CLANG_ENABLE_MODULES = YES;
				CLANG_ENABLE_OBJC_ARC = YES;
				CLANG_ENABLE_OBJC_WEAK = YES;
				CLANG_WARN_BLOCK_CAPTURE_AUTORELEASING = YES;
				CLANG_WARN_BOOL_CONVERSION = YES;
				CLANG_WARN_COMMA = YES;
				CLANG_WARN_CONSTANT_CONVERSION = YES;
				CLANG_WARN_DEPRECATED_OBJC_IMPLEMENTATIONS = YES;
				CLANG_WARN_DIRECT_OBJC_ISA_USAGE = YES_ERROR;
				CLANG_WARN_DOCUMENTATION_COMMENTS = YES;
				CLANG_WARN_EMPTY_BODY = YES;
				CLANG_WARN_ENUM_CONVERSION = YES;
				CLANG_WARN_INFINITE_RECURSION = YES;
				CLANG_WARN_INT_CONVERSION = YES;
				CLANG_WARN_NON_LITERAL_NULL_CONVERSION = YES;
				CLANG_WARN_OBJC_IMPLICIT_RETAIN_SELF = YES;
				CLANG_WARN_OBJC_LITERAL_CONVERSION = YES;
				CLANG_WARN_OBJC_ROOT_CLASS = YES_ERROR;
				CLANG_WARN_RANGE_LOOP_ANALYSIS = YES;
				CLANG_WARN_STRICT_PROTOTYPES = YES;
				CLANG_WARN_SUSPICIOUS_MOVE = YES;
				CLANG_WARN_UNGUARDED_AVAILABILITY = YES_AGGRESSIVE;
				CLANG_WARN_UNREACHABLE_CODE = YES;
				CLANG_WARN__DUPLICATE_METHOD_MATCH = YES;
				CODE_SIGN_IDENTITY = "iPhone Developer";
				COPY_PHASE_STRIP = NO;
				DEBUG_INFORMATION_FORMAT = dwarf;
				ENABLE_STRICT_OBJC_MSGSEND = YES;
				ENABLE_TESTABILITY = YES;
				GCC_C_LANGUAGE_STANDARD = gnu11;
				GCC_DYNAMIC_NO_PIC = NO;
				GCC_NO_COMMON_BLOCKS = YES;
				GCC_OPTIMIZATION_LEVEL = 0;
				GCC_PREPROCESSOR_DEFINITIONS = (
					"DEBUG=1",
					"$(inherited)",
				);
				GCC_WARN_64_TO_32_BIT_CONVERSION = YES;
				GCC_WARN_ABOUT_RETURN_TYPE = YES_ERROR;
				GCC_WARN_UNDECLARED_SELECTOR = YES;
				GCC_WARN_UNINITIALIZED_AUTOS = YES_AGGRESSIVE;
				GCC_WARN_UNUSED_FUNCTION = YES;
				GCC_WARN_UNUSED_VARIABLE = YES;
				IPHONEOS_DEPLOYMENT_TARGET = 12.1;
				MTL_ENABLE_DEBUG_INFO = INCLUDE_SOURCE;
				MTL_FAST_MATH = YES;
				ONLY_ACTIVE_ARCH = YES;
				SDKROOT = iphoneos;
				SWIFT_ACTIVE_COMPILATION_CONDITIONS = DEBUG;
				SWIFT_OPTIMIZATION_LEVEL = "-Onone";
			};
			name = Debug;
		};
		5B4EED0C22BA984E00156A68 /* Release */ = {
			isa = XCBuildConfiguration;
			buildSettings = {
				ALWAYS_SEARCH_USER_PATHS = NO;
				CLANG_ANALYZER_NONNULL = YES;
				CLANG_ANALYZER_NUMBER_OBJECT_CONVERSION = YES_AGGRESSIVE;
				CLANG_CXX_LANGUAGE_STANDARD = "gnu++14";
				CLANG_CXX_LIBRARY = "libc++";
				CLANG_ENABLE_MODULES = YES;
				CLANG_ENABLE_OBJC_ARC = YES;
				CLANG_ENABLE_OBJC_WEAK = YES;
				CLANG_WARN_BLOCK_CAPTURE_AUTORELEASING = YES;
				CLANG_WARN_BOOL_CONVERSION = YES;
				CLANG_WARN_COMMA = YES;
				CLANG_WARN_CONSTANT_CONVERSION = YES;
				CLANG_WARN_DEPRECATED_OBJC_IMPLEMENTATIONS = YES;
				CLANG_WARN_DIRECT_OBJC_ISA_USAGE = YES_ERROR;
				CLANG_WARN_DOCUMENTATION_COMMENTS = YES;
				CLANG_WARN_EMPTY_BODY = YES;
				CLANG_WARN_ENUM_CONVERSION = YES;
				CLANG_WARN_INFINITE_RECURSION = YES;
				CLANG_WARN_INT_CONVERSION = YES;
				CLANG_WARN_NON_LITERAL_NULL_CONVERSION = YES;
				CLANG_WARN_OBJC_IMPLICIT_RETAIN_SELF = YES;
				CLANG_WARN_OBJC_LITERAL_CONVERSION = YES;
				CLANG_WARN_OBJC_ROOT_CLASS = YES_ERROR;
				CLANG_WARN_RANGE_LOOP_ANALYSIS = YES;
				CLANG_WARN_STRICT_PROTOTYPES = YES;
				CLANG_WARN_SUSPICIOUS_MOVE = YES;
				CLANG_WARN_UNGUARDED_AVAILABILITY = YES_AGGRESSIVE;
				CLANG_WARN_UNREACHABLE_CODE = YES;
				CLANG_WARN__DUPLICATE_METHOD_MATCH = YES;
				CODE_SIGN_IDENTITY = "iPhone Developer";
				COPY_PHASE_STRIP = NO;
				DEBUG_INFORMATION_FORMAT = "dwarf-with-dsym";
				ENABLE_NS_ASSERTIONS = NO;
				ENABLE_STRICT_OBJC_MSGSEND = YES;
				GCC_C_LANGUAGE_STANDARD = gnu11;
				GCC_NO_COMMON_BLOCKS = YES;
				GCC_WARN_64_TO_32_BIT_CONVERSION = YES;
				GCC_WARN_ABOUT_RETURN_TYPE = YES_ERROR;
				GCC_WARN_UNDECLARED_SELECTOR = YES;
				GCC_WARN_UNINITIALIZED_AUTOS = YES_AGGRESSIVE;
				GCC_WARN_UNUSED_FUNCTION = YES;
				GCC_WARN_UNUSED_VARIABLE = YES;
				IPHONEOS_DEPLOYMENT_TARGET = 12.1;
				MTL_ENABLE_DEBUG_INFO = NO;
				MTL_FAST_MATH = YES;
				SDKROOT = iphoneos;
				SWIFT_COMPILATION_MODE = wholemodule;
				SWIFT_OPTIMIZATION_LEVEL = "-O";
				VALIDATE_PRODUCT = YES;
			};
			name = Release;
		};
		5B4EED0E22BA984E00156A68 /* Debug */ = {
			isa = XCBuildConfiguration;
			baseConfigurationReference = 84F5E223C3A9B26D6C39F58C /* Pods-CrashlyticsIssue.debug.xcconfig */;
			buildSettings = {
				ASSETCATALOG_COMPILER_APPICON_NAME = AppIcon;
				CODE_SIGN_STYLE = Manual;
				DEVELOPMENT_TEAM = U94CGRXFPA;
				INFOPLIST_FILE = CrashlyticsIssue/Info.plist;
				IPHONEOS_DEPLOYMENT_TARGET = 12.1;
				LD_RUNPATH_SEARCH_PATHS = (
					"$(inherited)",
					"@executable_path/Frameworks",
				);
				PRODUCT_BUNDLE_IDENTIFIER = "-7BDH5GXA8.com.assignment.CrashlyticsIssue";
				PRODUCT_NAME = "$(TARGET_NAME)";
				PROVISIONING_PROFILE_SPECIFIER = Nedis_WildCardDev;
				SWIFT_VERSION = 4.2;
				TARGETED_DEVICE_FAMILY = "1,2";
			};
			name = Debug;
		};
		5B4EED0F22BA984E00156A68 /* Release */ = {
			isa = XCBuildConfiguration;
			baseConfigurationReference = A643B42DCD4B31B1A5D34823 /* Pods-CrashlyticsIssue.release.xcconfig */;
			buildSettings = {
				ASSETCATALOG_COMPILER_APPICON_NAME = AppIcon;
				CODE_SIGN_STYLE = Manual;
				DEVELOPMENT_TEAM = U94CGRXFPA;
				INFOPLIST_FILE = CrashlyticsIssue/Info.plist;
				IPHONEOS_DEPLOYMENT_TARGET = 12.1;
				LD_RUNPATH_SEARCH_PATHS = (
					"$(inherited)",
					"@executable_path/Frameworks",
				);
				PRODUCT_BUNDLE_IDENTIFIER = "-7BDH5GXA8.com.assignment.CrashlyticsIssue";
				PRODUCT_NAME = "$(TARGET_NAME)";
				PROVISIONING_PROFILE_SPECIFIER = Nedis_WildCardDev;
				SWIFT_VERSION = 4.2;
				TARGETED_DEVICE_FAMILY = "1,2";
			};
			name = Release;
		};
/* End XCBuildConfiguration section */

/* Begin XCConfigurationList section */
		5B4EECF322BA984D00156A68 /* Build configuration list for PBXProject "CrashlyticsIssue" */ = {
			isa = XCConfigurationList;
			buildConfigurations = (
				5B4EED0B22BA984E00156A68 /* Debug */,
				5B4EED0C22BA984E00156A68 /* Release */,
			);
			defaultConfigurationIsVisible = 0;
			defaultConfigurationName = Release;
		};
		5B4EED0D22BA984E00156A68 /* Build configuration list for PBXNativeTarget "CrashlyticsIssue" */ = {
			isa = XCConfigurationList;
			buildConfigurations = (
				5B4EED0E22BA984E00156A68 /* Debug */,
				5B4EED0F22BA984E00156A68 /* Release */,
			);
			defaultConfigurationIsVisible = 0;
			defaultConfigurationName = Release;
		};
/* End XCConfigurationList section */

/* Begin XCVersionGroup section */
		5B4EED0222BA984D00156A68 /* CrashlyticsIssue.xcdatamodeld */ = {
			isa = XCVersionGroup;
			children = (
				5B4EED0322BA984D00156A68 /* CrashlyticsIssue.xcdatamodel */,
			);
			currentVersion = 5B4EED0322BA984D00156A68 /* CrashlyticsIssue.xcdatamodel */;
			path = CrashlyticsIssue.xcdatamodeld;
			sourceTree = "<group>";
			versionGroupType = wrapper.xcdatamodel;
		};
/* End XCVersionGroup section */
	};
	rootObject = 5B4EECF022BA984D00156A68 /* Project object */;
}
